
Microsoft Visual Studio Solution File, Format Version 12.00
# Visual Studio 15
Project("{FAE04EC0-301F-11D3-BF4B-00C04F79EFBC}") = "Capstone4", "Capstone4.csproj", "{2E3961E1-116E-4BDE-9888-AAC6C5C72810}"
EndProject
Global
	GlobalSection(SolutionConfigurationPlatforms) = preSolution
		Debug|Any CPU = Debug|Any CPU
		Release|Any CPU = Release|Any CPU
	EndGlobalSection
	GlobalSection(ProjectConfigurationPlatforms) = postSolution
		{2E3961E1-116E-4BDE-9888-AAC6C5C72810}.Debug|Any CPU.ActiveCfg = Debug|Any CPU
		{2E3961E1-116E-4BDE-9888-AAC6C5C72810}.Debug|Any CPU.Build.0 = Debug|Any CPU
		{2E3961E1-116E-4BDE-9888-AAC6C5C72810}.Release|Any CPU.ActiveCfg = Release|Any CPU
		{2E3961E1-116E-4BDE-9888-AAC6C5C72810}.Release|Any CPU.Build.0 = Release|Any CPU
	EndGlobalSection
EndGlobal
